
Microsoft Visual Studio Solution File, Format Version 12.00
# Visual Studio Version 17
VisualStudioVersion = 17.3.32819.101
MinimumVisualStudioVersion = 10.0.40219.1
Project("{2150E333-8FDC-42A3-9474-1A3956D46DE8}") = "src", "src", "{C4D8471F-F79B-420B-B039-2E670C7ED5D9}"
EndProject
Project("{2150E333-8FDC-42A3-9474-1A3956D46DE8}") = "tests", "tests", "{40AEE177-B526-4CC6-A349-F6D54C923413}"
EndProject
Project("{FAE04EC0-301F-11D3-BF4B-00C04F79EFBC}") = "EmpHierarchy", "EmpHierarchy\EmpHierarchy.csproj", "{686989D9-515C-4BFA-B57C-F3721D0F1652}"
EndProject
Project("{FAE04EC0-301F-11D3-BF4B-00C04F79EFBC}") = "EmpHierarchy.Tests", "EmpHierarchy.Tests\EmpHierarchy.Tests.csproj", "{BD5FD012-13DB-4E4C-A20D-F63EC532A39C}"
EndProject
Global
	GlobalSection(SolutionConfigurationPlatforms) = preSolution
		Debug|Any CPU = Debug|Any CPU
		Release|Any CPU = Release|Any CPU
	EndGlobalSection
	GlobalSection(ProjectConfigurationPlatforms) = postSolution
		{686989D9-515C-4BFA-B57C-F3721D0F1652}.Debug|Any CPU.ActiveCfg = Debug|Any CPU
		{686989D9-515C-4BFA-B57C-F3721D0F1652}.Debug|Any CPU.Build.0 = Debug|Any CPU
		{686989D9-515C-4BFA-B57C-F3721D0F1652}.Release|Any CPU.ActiveCfg = Release|Any CPU
		{686989D9-515C-4BFA-B57C-F3721D0F1652}.Release|Any CPU.Build.0 = Release|Any CPU
		{BD5FD012-13DB-4E4C-A20D-F63EC532A39C}.Debug|Any CPU.ActiveCfg = Debug|Any CPU
		{BD5FD012-13DB-4E4C-A20D-F63EC532A39C}.Debug|Any CPU.Build.0 = Debug|Any CPU
		{BD5FD012-13DB-4E4C-A20D-F63EC532A39C}.Release|Any CPU.ActiveCfg = Release|Any CPU
		{BD5FD012-13DB-4E4C-A20D-F63EC532A39C}.Release|Any CPU.Build.0 = Release|Any CPU
	EndGlobalSection
	GlobalSection(SolutionProperties) = preSolution
		HideSolutionNode = FALSE
	EndGlobalSection
	GlobalSection(NestedProjects) = preSolution
		{686989D9-515C-4BFA-B57C-F3721D0F1652} = {C4D8471F-F79B-420B-B039-2E670C7ED5D9}
		{BD5FD012-13DB-4E4C-A20D-F63EC532A39C} = {40AEE177-B526-4CC6-A349-F6D54C923413}
	EndGlobalSection
	GlobalSection(ExtensibilityGlobals) = postSolution
		SolutionGuid = {85A20A3B-A35F-462F-8A14-FD947B81C032}
	EndGlobalSection
EndGlobal
